// !$*UTF8*$!
{
	archiveVersion = 1;
	classes = {
	};
	objectVersion = 46;
	objects = {

/* Begin PBXBuildFile section */
		BBCE29AD1E8EB1E80068C0A4 /* PageNavView.swift in Sources */ = {isa = PBXBuildFile; fileRef = BBCE29AC1E8EB1E80068C0A4 /* PageNavView.swift */; };
		BBCE29AF1E8EB1F20068C0A4 /* BaseViewController.swift in Sources */ = {isa = PBXBuildFile; fileRef = BBCE29AE1E8EB1F20068C0A4 /* BaseViewController.swift */; };
		BBCE29B11E8EB1FD0068C0A4 /* PageVC.swift in Sources */ = {isa = PBXBuildFile; fileRef = BBCE29B01E8EB1FD0068C0A4 /* PageVC.swift */; };
		BBD10EB11E8D567B007DAB30 /* AppDelegate.swift in Sources */ = {isa = PBXBuildFile; fileRef = BBD10EB01E8D567B007DAB30 /* AppDelegate.swift */; };
		BBD10EB31E8D567B007DAB30 /* ViewController.swift in Sources */ = {isa = PBXBuildFile; fileRef = BBD10EB21E8D567B007DAB30 /* ViewController.swift */; };
		BBD10EB61E8D567B007DAB30 /* Main.storyboard in Resources */ = {isa = PBXBuildFile; fileRef = BBD10EB41E8D567B007DAB30 /* Main.storyboard */; };
		BBD10EB81E8D567B007DAB30 /* Assets.xcassets in Resources */ = {isa = PBXBuildFile; fileRef = BBD10EB71E8D567B007DAB30 /* Assets.xcassets */; };
		BBD10EBB1E8D567B007DAB30 /* LaunchScreen.storyboard in Resources */ = {isa = PBXBuildFile; fileRef = BBD10EB91E8D567B007DAB30 /* LaunchScreen.storyboard */; };
		BBD619491E8F3F5800638D8B /* Helper.swift in Sources */ = {isa = PBXBuildFile; fileRef = BBD619481E8F3F5800638D8B /* Helper.swift */; };
/* End PBXBuildFile section */

/* Begin PBXFileReference section */
		BBCE29AC1E8EB1E80068C0A4 /* PageNavView.swift */ = {isa = PBXFileReference; fileEncoding = 4; lastKnownFileType = sourcecode.swift; path = PageNavView.swift; sourceTree = "<group>"; };
		BBCE29AE1E8EB1F20068C0A4 /* BaseViewController.swift */ = {isa = PBXFileReference; fileEncoding = 4; lastKnownFileType = sourcecode.swift; path = BaseViewController.swift; sourceTree = "<group>"; };
		BBCE29B01E8EB1FD0068C0A4 /* PageVC.swift */ = {isa = PBXFileReference; fileEncoding = 4; lastKnownFileType = sourcecode.swift; path = PageVC.swift; sourceTree = "<group>"; };
		BBD10EAD1E8D567B007DAB30 /* PageVC.app */ = {isa = PBXFileReference; explicitFileType = wrapper.application; includeInIndex = 0; path = PageVC.app; sourceTree = BUILT_PRODUCTS_DIR; };
		BBD10EB01E8D567B007DAB30 /* AppDelegate.swift */ = {isa = PBXFileReference; lastKnownFileType = sourcecode.swift; path = AppDelegate.swift; sourceTree = "<group>"; };
		BBD10EB21E8D567B007DAB30 /* ViewController.swift */ = {isa = PBXFileReference; lastKnownFileType = sourcecode.swift; path = ViewController.swift; sourceTree = "<group>"; };
		BBD10EB51E8D567B007DAB30 /* Base */ = {isa = PBXFileReference; lastKnownFileType = file.storyboard; name = Base; path = Base.lproj/Main.storyboard; sourceTree = "<group>"; };
		BBD10EB71E8D567B007DAB30 /* Assets.xcassets */ = {isa = PBXFileReference; lastKnownFileType = folder.assetcatalog; path = Assets.xcassets; sourceTree = "<group>"; };
		BBD10EBA1E8D567B007DAB30 /* Base */ = {isa = PBXFileReference; lastKnownFileType = file.storyboard; name = Base; path = Base.lproj/LaunchScreen.storyboard; sourceTree = "<group>"; };
		BBD10EBC1E8D567B007DAB30 /* Info.plist */ = {isa = PBXFileReference; lastKnownFileType = text.plist.xml; path = Info.plist; sourceTree = "<group>"; };
		BBD619481E8F3F5800638D8B /* Helper.swift */ = {isa = PBXFileReference; fileEncoding = 4; lastKnownFileType = sourcecode.swift; path = Helper.swift; sourceTree = "<group>"; };
/* End PBXFileReference section */

/* Begin PBXFrameworksBuildPhase section */
		BBD10EAA1E8D567B007DAB30 /* Frameworks */ = {
			isa = PBXFrameworksBuildPhase;
			buildActionMask = 2147483647;
			files = (
			);
			runOnlyForDeploymentPostprocessing = 0;
		};
/* End PBXFrameworksBuildPhase section */

/* Begin PBXGroup section */
		BBD10EA41E8D567B007DAB30 = {
			isa = PBXGroup;
			children = (
				BBD10EAF1E8D567B007DAB30 /* PageVC */,
				BBD10EAE1E8D567B007DAB30 /* Products */,
			);
			sourceTree = "<group>";
		};
		BBD10EAE1E8D567B007DAB30 /* Products */ = {
			isa = PBXGroup;
			children = (
				BBD10EAD1E8D567B007DAB30 /* PageVC.app */,
			);
			name = Products;
			sourceTree = "<group>";
		};
		BBD10EAF1E8D567B007DAB30 /* PageVC */ = {
			isa = PBXGroup;
			children = (
				BBD10EB01E8D567B007DAB30 /* AppDelegate.swift */,
				BBD10EB21E8D567B007DAB30 /* ViewController.swift */,
				BBCE29B01E8EB1FD0068C0A4 /* PageVC.swift */,
				BBCE29AC1E8EB1E80068C0A4 /* PageNavView.swift */,
				BBCE29AE1E8EB1F20068C0A4 /* BaseViewController.swift */,
				BBD619481E8F3F5800638D8B /* Helper.swift */,
				BBD10EB41E8D567B007DAB30 /* Main.storyboard */,
				BBD10EB71E8D567B007DAB30 /* Assets.xcassets */,
				BBD10EB91E8D567B007DAB30 /* LaunchScreen.storyboard */,
				BBD10EBC1E8D567B007DAB30 /* Info.plist */,
			);
			path = PageVC;
			sourceTree = "<group>";
		};
/* End PBXGroup section */

/* Begin PBXNativeTarget section */
		BBD10EAC1E8D567B007DAB30 /* PageVC */ = {
			isa = PBXNativeTarget;
			buildConfigurationList = BBD10EBF1E8D567B007DAB30 /* Build configuration list for PBXNativeTarget "PageVC" */;
			buildPhases = (
				BBD10EA91E8D567B007DAB30 /* Sources */,
				BBD10EAA1E8D567B007DAB30 /* Frameworks */,
				BBD10EAB1E8D567B007DAB30 /* Resources */,
			);
			buildRules = (
			);
			dependencies = (
			);
			name = PageVC;
			productName = PageVC;
			productReference = BBD10EAD1E8D567B007DAB30 /* PageVC.app */;
			productType = "com.apple.product-type.application";
		};
/* End PBXNativeTarget section */

/* Begin PBXProject section */
		BBD10EA51E8D567B007DAB30 /* Project object */ = {
			isa = PBXProject;
			attributes = {
				LastSwiftUpdateCheck = 0830;
				LastUpgradeCheck = 0830;
				ORGANIZATIONNAME = com.wujh;
				TargetAttributes = {
					BBD10EAC1E8D567B007DAB30 = {
						CreatedOnToolsVersion = 8.3;
						ProvisioningStyle = Automatic;
					};
				};
			};
			buildConfigurationList = BBD10EA81E8D567B007DAB30 /* Build configuration list for PBXProject "PageVC" */;
			compatibilityVersion = "Xcode 3.2";
			developmentRegion = English;
			hasScannedForEncodings = 0;
			knownRegions = (
				en,
				Base,
			);
			mainGroup = BBD10EA41E8D567B007DAB30;
			productRefGroup = BBD10EAE1E8D567B007DAB30 /* Products */;
			projectDirPath = "";
			projectRoot = "";
			targets = (
				BBD10EAC1E8D567B007DAB30 /* PageVC */,
			);
		};
/* End PBXProject section */

/* Begin PBXResourcesBuildPhase section */
		BBD10EAB1E8D567B007DAB30 /* Resources */ = {
			isa = PBXResourcesBuildPhase;
			buildActionMask = 2147483647;
			files = (
				BBD10EBB1E8D567B007DAB30 /* LaunchScreen.storyboard in Resources */,
				BBD10EB81E8D567B007DAB30 /* Assets.xcassets in Resources */,
				BBD10EB61E8D567B007DAB30 /* Main.storyboard in Resources */,
			);
			runOnlyForDeploymentPostprocessing = 0;
		};
/* End PBXResourcesBuildPhase section */

/* Begin PBXSourcesBuildPhase section */
		BBD10EA91E8D567B007DAB30 /* Sources */ = {
			isa = PBXSourcesBuildPhase;
			buildActionMask = 2147483647;
			files = (
				BBCE29AD1E8EB1E80068C0A4 /* PageNavView.swift in Sources */,
				BBCE29B11E8EB1FD0068C0A4 /* PageVC.swift in Sources */,
				BBCE29AF1E8EB1F20068C0A4 /* BaseViewController.swift in Sources */,
				BBD10EB31E8D567B007DAB30 /* ViewController.swift in Sources */,
				BBD10EB11E8D567B007DAB30 /* AppDelegate.swift in Sources */,
				BBD619491E8F3F5800638D8B /* Helper.swift in Sources */,
			);
			runOnlyForDeploymentPostprocessing = 0;
		};
/* End PBXSourcesBuildPhase section */

/* Begin PBXVariantGroup section */
		BBD10EB41E8D567B007DAB30 /* Main.storyboard */ = {
			isa = PBXVariantGroup;
			children = (
				BBD10EB51E8D567B007DAB30 /* Base */,
			);
			name = Main.storyboard;
			sourceTree = "<group>";
		};
		BBD10EB91E8D567B007DAB30 /* LaunchScreen.storyboard */ = {
			isa = PBXVariantGroup;
			children = (
				BBD10EBA1E8D567B007DAB30 /* Base */,
			);
			name = LaunchScreen.storyboard;
			sourceTree = "<group>";
		};
/* End PBXVariantGroup section */

/* Begin XCBuildConfiguration section */
		BBD10EBD1E8D567B007DAB30 /* Debug */ = {
			isa = XCBuildConfiguration;
			buildSettings = {
				ALWAYS_SEARCH_USER_PATHS = NO;
				CLANG_ANALYZER_NONNULL = YES;
				CLANG_ANALYZER_NUMBER_OBJECT_CONVERSION = YES_AGGRESSIVE;
				CLANG_CXX_LANGUAGE_STANDARD = "gnu++0x";
				CLANG_CXX_LIBRARY = "libc++";
				CLANG_ENABLE_MODULES = YES;
				CLANG_ENABLE_OBJC_ARC = YES;
				CLANG_WARN_BOOL_CONVERSION = YES;
				CLANG_WARN_CONSTANT_CONVERSION = YES;
				CLANG_WARN_DIRECT_OBJC_ISA_USAGE = YES_ERROR;
				CLANG_WARN_DOCUMENTATION_COMMENTS = YES;
				CLANG_WARN_EMPTY_BODY = YES;
				CLANG_WARN_ENUM_CONVERSION = YES;
				CLANG_WARN_INFINITE_RECURSION = YES;
				CLANG_WARN_INT_CONVERSION = YES;
				CLANG_WARN_OBJC_ROOT_CLASS = YES_ERROR;
				CLANG_WARN_SUSPICIOUS_MOVE = YES;
				CLANG_WARN_UNREACHABLE_CODE = YES;
				CLANG_WARN__DUPLICATE_METHOD_MATCH = YES;
				"CODE_SIGN_IDENTITY[sdk=iphoneos*]" = "iPhone Developer";
				COPY_PHASE_STRIP = NO;
				DEBUG_INFORMATION_FORMAT = dwarf;
				ENABLE_STRICT_OBJC_MSGSEND = YES;
				ENABLE_TESTABILITY = YES;
				GCC_C_LANGUAGE_STANDARD = gnu99;
				GCC_DYNAMIC_NO_PIC = NO;
				GCC_NO_COMMON_BLOCKS = YES;
				GCC_OPTIMIZATION_LEVEL = 0;
				GCC_PREPROCESSOR_DEFINITIONS = (
					"DEBUG=1",
					"$(inherited)",
				);
				GCC_WARN_64_TO_32_BIT_CONVERSION = YES;
				GCC_WARN_ABOUT_RETURN_TYPE = YES_ERROR;
				GCC_WARN_UNDECLARED_SELECTOR = YES;
				GCC_WARN_UNINITIALIZED_AUTOS = YES_AGGRESSIVE;
				GCC_WARN_UNUSED_FUNCTION = YES;
				GCC_WARN_UNUSED_VARIABLE = YES;
				IPHONEOS_DEPLOYMENT_TARGET = 10.3;
				MTL_ENABLE_DEBUG_INFO = YES;
				ONLY_ACTIVE_ARCH = YES;
				SDKROOT = iphoneos;
				SWIFT_ACTIVE_COMPILATION_CONDITIONS = DEBUG;
				SWIFT_OPTIMIZATION_LEVEL = "-Onone";
				TARGETED_DEVICE_FAMILY = "1,2";
			};
			name = Debug;
		};
		BBD10EBE1E8D567B007DAB30 /* Release */ = {
			isa = XCBuildConfiguration;
			buildSettings = {
				ALWAYS_SEARCH_USER_PATHS = NO;
				CLANG_ANALYZER_NONNULL = YES;
				CLANG_ANALYZER_NUMBER_OBJECT_CONVERSION = YES_AGGRESSIVE;
				CLANG_CXX_LANGUAGE_STANDARD = "gnu++0x";
				CLANG_CXX_LIBRARY = "libc++";
				CLANG_ENABLE_MODULES = YES;
				CLANG_ENABLE_OBJC_ARC = YES;
				CLANG_WARN_BOOL_CONVERSION = YES;
				CLANG_WARN_CONSTANT_CONVERSION = YES;
				CLANG_WARN_DIRECT_OBJC_ISA_USAGE = YES_ERROR;
				CLANG_WARN_DOCUMENTATION_COMMENTS = YES;
				CLANG_WARN_EMPTY_BODY = YES;
				CLANG_WARN_ENUM_CONVERSION = YES;
				CLANG_WARN_INFINITE_RECURSION = YES;
				CLANG_WARN_INT_CONVERSION = YES;
				CLANG_WARN_OBJC_ROOT_CLASS = YES_ERROR;
				CLANG_WARN_SUSPICIOUS_MOVE = YES;
				CLANG_WARN_UNREACHABLE_CODE = YES;
				CLANG_WARN__DUPLICATE_METHOD_MATCH = YES;
				"CODE_SIGN_IDENTITY[sdk=iphoneos*]" = "iPhone Developer";
				COPY_PHASE_STRIP = NO;
				DEBUG_INFORMATION_FORMAT = "dwarf-with-dsym";
				ENABLE_NS_ASSERTIONS = NO;
				ENABLE_STRICT_OBJC_MSGSEND = YES;
				GCC_C_LANGUAGE_STANDARD = gnu99;
				GCC_NO_COMMON_BLOCKS = YES;
				GCC_WARN_64_TO_32_BIT_CONVERSION = YES;
				GCC_WARN_ABOUT_RETURN_TYPE = YES_ERROR;
				GCC_WARN_UNDECLARED_SELECTOR = YES;
				GCC_WARN_UNINITIALIZED_AUTOS = YES_AGGRESSIVE;
				GCC_WARN_UNUSED_FUNCTION = YES;
				GCC_WARN_UNUSED_VARIABLE = YES;
				IPHONEOS_DEPLOYMENT_TARGET = 10.3;
				MTL_ENABLE_DEBUG_INFO = NO;
				SDKROOT = iphoneos;
				SWIFT_OPTIMIZATION_LEVEL = "-Owholemodule";
				TARGETED_DEVICE_FAMILY = "1,2";
				VALIDATE_PRODUCT = YES;
			};
			name = Release;
		};
		BBD10EC01E8D567B007DAB30 /* Debug */ = {
			isa = XCBuildConfiguration;
			buildSettings = {
				ASSETCATALOG_COMPILER_APPICON_NAME = AppIcon;
				INFOPLIST_FILE = PageVC/Info.plist;
				IPHONEOS_DEPLOYMENT_TARGET = 9;
				LD_RUNPATH_SEARCH_PATHS = "$(inherited) @executable_path/Frameworks";
				PRODUCT_BUNDLE_IDENTIFIER = jonhory.PageVC;
				PRODUCT_NAME = "$(TARGET_NAME)";
				SWIFT_VERSION = 3.0;
			};
			name = Debug;
		};
		BBD10EC11E8D567B007DAB30 /* Release */ = {
			isa = XCBuildConfiguration;
			buildSettings = {
				ASSETCATALOG_COMPILER_APPICON_NAME = AppIcon;
				INFOPLIST_FILE = PageVC/Info.plist;
				IPHONEOS_DEPLOYMENT_TARGET = 9;
				LD_RUNPATH_SEARCH_PATHS = "$(inherited) @executable_path/Frameworks";
				PRODUCT_BUNDLE_IDENTIFIER = jonhory.PageVC;
				PRODUCT_NAME = "$(TARGET_NAME)";
				SWIFT_VERSION = 3.0;
			};
			name = Release;
		};
/* End XCBuildConfiguration section */

/* Begin XCConfigurationList section */
		BBD10EA81E8D567B007DAB30 /* Build configuration list for PBXProject "PageVC" */ = {
			isa = XCConfigurationList;
			buildConfigurations = (
				BBD10EBD1E8D567B007DAB30 /* Debug */,
				BBD10EBE1E8D567B007DAB30 /* Release */,
			);
			defaultConfigurationIsVisible = 0;
			defaultConfigurationName = Release;
		};
		BBD10EBF1E8D567B007DAB30 /* Build configuration list for PBXNativeTarget "PageVC" */ = {
			isa = XCConfigurationList;
			buildConfigurations = (
				BBD10EC01E8D567B007DAB30 /* Debug */,
				BBD10EC11E8D567B007DAB30 /* Release */,
			);
			defaultConfigurationIsVisible = 0;
			defaultConfigurationName = Release;
		};
/* End XCConfigurationList section */
	};
	rootObject = BBD10EA51E8D567B007DAB30 /* Project object */;
}
